dependencies:
- name: postgresql
  repository: https://charts.bitnami.com/bitnami
  version: 12.2.0
- name: redis
  repository: https://charts.bitnami.com/bitnami
  version: 17.8.5
digest: sha256:e75aa20ddc0a4d8e58f28e84ef2ae88d2b4f3fdd4d55b838cada6f01e2dd1f74
generated: "2023-03-22T19:07:07.809695Z"
